
Microsoft Visual Studio Solution File, Format Version 12.00
# Visual Studio Version 17
VisualStudioVersion = 17.1.32228.430
MinimumVisualStudioVersion = 10.0.40219.1
Project("{2150E333-8FDC-42A3-9474-1A3956D46DE8}") = "src", "src", "{547D7BF4-AC56-4318-B74E-B68310C99BC5}"
EndProject
Project("{9A19103F-16F7-4668-BE54-9A1E7A4F7556}") = "fbognini.WebFramework", "src\fbognini.WebFramework\fbognini.WebFramework.csproj", "{EA866B46-76A7-4BA9-B657-CAFA2441F025}"
EndProject
Global
	GlobalSection(SolutionConfigurationPlatforms) = preSolution
		Debug|Any CPU = Debug|Any CPU
		Release|Any CPU = Release|Any CPU
	EndGlobalSection
	GlobalSection(ProjectConfigurationPlatforms) = postSolution
		{EA866B46-76A7-4BA9-B657-CAFA2441F025}.Debug|Any CPU.ActiveCfg = Debug|Any CPU
		{EA866B46-76A7-4BA9-B657-CAFA2441F025}.Debug|Any CPU.Build.0 = Debug|Any CPU
		{EA866B46-76A7-4BA9-B657-CAFA2441F025}.Release|Any CPU.ActiveCfg = Release|Any CPU
		{EA866B46-76A7-4BA9-B657-CAFA2441F025}.Release|Any CPU.Build.0 = Release|Any CPU
	EndGlobalSection
	GlobalSection(SolutionProperties) = preSolution
		HideSolutionNode = FALSE
	EndGlobalSection
	GlobalSection(NestedProjects) = preSolution
		{EA866B46-76A7-4BA9-B657-CAFA2441F025} = {547D7BF4-AC56-4318-B74E-B68310C99BC5}
	EndGlobalSection
	GlobalSection(ExtensibilityGlobals) = postSolution
		SolutionGuid = {28155624-3D36-46E5-9B85-65371DDE1C87}
	EndGlobalSection
EndGlobal
